
Microsoft Visual Studio Solution File, Format Version 12.00
# Visual Studio 15
VisualStudioVersion = 15.0.26403.0
MinimumVisualStudioVersion = 10.0.40219.1
Project("{FAE04EC0-301F-11D3-BF4B-00C04F79EFBC}") = "Blog.WEB", "Blog.WEB\Blog.WEB.csproj", "{03600258-CF97-4152-A552-8BC7119513D1}"
EndProject
Project("{FAE04EC0-301F-11D3-BF4B-00C04F79EFBC}") = "Blog.API", "Blog.API\Blog.API.csproj", "{39DE10AE-A7CD-46FA-81BA-2D0896DE8DE1}"
EndProject
Global
	GlobalSection(SolutionConfigurationPlatforms) = preSolution
		Debug|Any CPU = Debug|Any CPU
		Release|Any CPU = Release|Any CPU
	EndGlobalSection
	GlobalSection(ProjectConfigurationPlatforms) = postSolution
		{03600258-CF97-4152-A552-8BC7119513D1}.Debug|Any CPU.ActiveCfg = Debug|Any CPU
		{03600258-CF97-4152-A552-8BC7119513D1}.Debug|Any CPU.Build.0 = Debug|Any CPU
		{03600258-CF97-4152-A552-8BC7119513D1}.Release|Any CPU.ActiveCfg = Release|Any CPU
		{03600258-CF97-4152-A552-8BC7119513D1}.Release|Any CPU.Build.0 = Release|Any CPU
		{39DE10AE-A7CD-46FA-81BA-2D0896DE8DE1}.Debug|Any CPU.ActiveCfg = Debug|Any CPU
		{39DE10AE-A7CD-46FA-81BA-2D0896DE8DE1}.Debug|Any CPU.Build.0 = Debug|Any CPU
		{39DE10AE-A7CD-46FA-81BA-2D0896DE8DE1}.Release|Any CPU.ActiveCfg = Release|Any CPU
		{39DE10AE-A7CD-46FA-81BA-2D0896DE8DE1}.Release|Any CPU.Build.0 = Release|Any CPU
	EndGlobalSection
	GlobalSection(SolutionProperties) = preSolution
		HideSolutionNode = FALSE
	EndGlobalSection
EndGlobal
